
Microsoft Visual Studio Solution File, Format Version 12.00
# Visual Studio Version 16
VisualStudioVersion = 16.0.31624.102
MinimumVisualStudioVersion = 10.0.40219.1
Project("{FAE04EC0-301F-11D3-BF4B-00C04F79EFBC}") = "test", "test\test.csproj", "{D61D32A0-DAB8-4871-B83C-E7D63CECE1F9}"
EndProject
Global
	GlobalSection(SolutionConfigurationPlatforms) = preSolution
		Debug|Any CPU = Debug|Any CPU
		Release|Any CPU = Release|Any CPU
	EndGlobalSection
	GlobalSection(ProjectConfigurationPlatforms) = postSolution
		{D61D32A0-DAB8-4871-B83C-E7D63CECE1F9}.Debug|Any CPU.ActiveCfg = Debug|Any CPU
		{D61D32A0-DAB8-4871-B83C-E7D63CECE1F9}.Debug|Any CPU.Build.0 = Debug|Any CPU
		{D61D32A0-DAB8-4871-B83C-E7D63CECE1F9}.Release|Any CPU.ActiveCfg = Release|Any CPU
		{D61D32A0-DAB8-4871-B83C-E7D63CECE1F9}.Release|Any CPU.Build.0 = Release|Any CPU
	EndGlobalSection
	GlobalSection(SolutionProperties) = preSolution
		HideSolutionNode = FALSE
	EndGlobalSection
	GlobalSection(ExtensibilityGlobals) = postSolution
		SolutionGuid = {D866DC73-349D-4D08-9AAE-4243855336B2}
	EndGlobalSection
EndGlobal
